// !$*UTF8*$!
{
	archiveVersion = 1;
	classes = {
	};
	objectVersion = 46;
	objects = {

/* Begin PBXBuildFile section */
		565FB5E52DB1FFD5CC1D7A97 /* Pods_SnapchatClone.framework in Frameworks */ = {isa = PBXBuildFile; fileRef = BEE6FB9EDB3545F688E8D4E0 /* Pods_SnapchatClone.framework */; };
		5E6FD61F1F63855200A9D02C /* GoogleService-Info.plist in Resources */ = {isa = PBXBuildFile; fileRef = 5E6FD61E1F63855200A9D02C /* GoogleService-Info.plist */; };
		5E6FD6211F638FE900A9D02C /* SignInViewController.swift in Sources */ = {isa = PBXBuildFile; fileRef = 5E6FD6201F638FE900A9D02C /* SignInViewController.swift */; };
		5EBAFE4C1F644F000020BBC4 /* SnapsViewController.swift in Sources */ = {isa = PBXBuildFile; fileRef = 5EBAFE4B1F644F000020BBC4 /* SnapsViewController.swift */; };
		5EBAFE4E1F6453D50020BBC4 /* PictureViewController.swift in Sources */ = {isa = PBXBuildFile; fileRef = 5EBAFE4D1F6453D50020BBC4 /* PictureViewController.swift */; };
		5ECD16311F5C812500D8611A /* AppDelegate.swift in Sources */ = {isa = PBXBuildFile; fileRef = 5ECD16301F5C812500D8611A /* AppDelegate.swift */; };
		5ECD16361F5C812500D8611A /* Main.storyboard in Resources */ = {isa = PBXBuildFile; fileRef = 5ECD16341F5C812500D8611A /* Main.storyboard */; };
		5ECD16381F5C812500D8611A /* Assets.xcassets in Resources */ = {isa = PBXBuildFile; fileRef = 5ECD16371F5C812500D8611A /* Assets.xcassets */; };
		5ECD163B1F5C812500D8611A /* LaunchScreen.storyboard in Resources */ = {isa = PBXBuildFile; fileRef = 5ECD16391F5C812500D8611A /* LaunchScreen.storyboard */; };
		5EDA946D1F659A1000B1B82F /* SelectUserViewController.swift in Sources */ = {isa = PBXBuildFile; fileRef = 5EDA946C1F659A1000B1B82F /* SelectUserViewController.swift */; };
/* End PBXBuildFile section */

/* Begin PBXFileReference section */
		5E6FD61E1F63855200A9D02C /* GoogleService-Info.plist */ = {isa = PBXFileReference; fileEncoding = 4; lastKnownFileType = text.plist.xml; path = "GoogleService-Info.plist"; sourceTree = "<group>"; };
		5E6FD6201F638FE900A9D02C /* SignInViewController.swift */ = {isa = PBXFileReference; fileEncoding = 4; lastKnownFileType = sourcecode.swift; path = SignInViewController.swift; sourceTree = "<group>"; };
		5EBAFE4B1F644F000020BBC4 /* SnapsViewController.swift */ = {isa = PBXFileReference; fileEncoding = 4; lastKnownFileType = sourcecode.swift; path = SnapsViewController.swift; sourceTree = "<group>"; };
		5EBAFE4D1F6453D50020BBC4 /* PictureViewController.swift */ = {isa = PBXFileReference; fileEncoding = 4; lastKnownFileType = sourcecode.swift; path = PictureViewController.swift; sourceTree = "<group>"; };
		5ECD162D1F5C812500D8611A /* SnapchatClone.app */ = {isa = PBXFileReference; explicitFileType = wrapper.application; includeInIndex = 0; path = SnapchatClone.app; sourceTree = BUILT_PRODUCTS_DIR; };
		5ECD16301F5C812500D8611A /* AppDelegate.swift */ = {isa = PBXFileReference; lastKnownFileType = sourcecode.swift; path = AppDelegate.swift; sourceTree = "<group>"; };
		5ECD16351F5C812500D8611A /* Base */ = {isa = PBXFileReference; lastKnownFileType = file.storyboard; name = Base; path = Base.lproj/Main.storyboard; sourceTree = "<group>"; };
		5ECD16371F5C812500D8611A /* Assets.xcassets */ = {isa = PBXFileReference; lastKnownFileType = folder.assetcatalog; path = Assets.xcassets; sourceTree = "<group>"; };
		5ECD163A1F5C812500D8611A /* Base */ = {isa = PBXFileReference; lastKnownFileType = file.storyboard; name = Base; path = Base.lproj/LaunchScreen.storyboard; sourceTree = "<group>"; };
		5ECD163C1F5C812500D8611A /* Info.plist */ = {isa = PBXFileReference; lastKnownFileType = text.plist.xml; path = Info.plist; sourceTree = "<group>"; };
		5EDA946C1F659A1000B1B82F /* SelectUserViewController.swift */ = {isa = PBXFileReference; fileEncoding = 4; lastKnownFileType = sourcecode.swift; path = SelectUserViewController.swift; sourceTree = "<group>"; };
		5FB93825B7B7EFA5EA4D6C62 /* Pods-SnapchatClone.release.xcconfig */ = {isa = PBXFileReference; includeInIndex = 1; lastKnownFileType = text.xcconfig; name = "Pods-SnapchatClone.release.xcconfig"; path = "Pods/Target Support Files/Pods-SnapchatClone/Pods-SnapchatClone.release.xcconfig"; sourceTree = "<group>"; };
		B853E1D3C6E9D352AC9E6830 /* Pods-SnapchatClone.debug.xcconfig */ = {isa = PBXFileReference; includeInIndex = 1; lastKnownFileType = text.xcconfig; name = "Pods-SnapchatClone.debug.xcconfig"; path = "Pods/Target Support Files/Pods-SnapchatClone/Pods-SnapchatClone.debug.xcconfig"; sourceTree = "<group>"; };
		BEE6FB9EDB3545F688E8D4E0 /* Pods_SnapchatClone.framework */ = {isa = PBXFileReference; explicitFileType = wrapper.framework; includeInIndex = 0; path = Pods_SnapchatClone.framework; sourceTree = BUILT_PRODUCTS_DIR; };
/* End PBXFileReference section */

/* Begin PBXFrameworksBuildPhase section */
		5ECD162A1F5C812500D8611A /* Frameworks */ = {
			isa = PBXFrameworksBuildPhase;
			buildActionMask = 2147483647;
			files = (
				565FB5E52DB1FFD5CC1D7A97 /* Pods_SnapchatClone.framework in Frameworks */,
			);
			runOnlyForDeploymentPostprocessing = 0;
		};
/* End PBXFrameworksBuildPhase section */

/* Begin PBXGroup section */
		24AC7FFF84102FB3790F2A6A /* Frameworks */ = {
			isa = PBXGroup;
			children = (
				BEE6FB9EDB3545F688E8D4E0 /* Pods_SnapchatClone.framework */,
			);
			name = Frameworks;
			sourceTree = "<group>";
		};
		5ECD16241F5C812500D8611A = {
			isa = PBXGroup;
			children = (
				5ECD162F1F5C812500D8611A /* SnapchatClone */,
				5ECD162E1F5C812500D8611A /* Products */,
				80C554000D5605835DDF8940 /* Pods */,
				24AC7FFF84102FB3790F2A6A /* Frameworks */,
			);
			sourceTree = "<group>";
		};
		5ECD162E1F5C812500D8611A /* Products */ = {
			isa = PBXGroup;
			children = (
				5ECD162D1F5C812500D8611A /* SnapchatClone.app */,
			);
			name = Products;
			sourceTree = "<group>";
		};
		5ECD162F1F5C812500D8611A /* SnapchatClone */ = {
			isa = PBXGroup;
			children = (
				5ECD16301F5C812500D8611A /* AppDelegate.swift */,
				5E6FD6201F638FE900A9D02C /* SignInViewController.swift */,
				5EBAFE4B1F644F000020BBC4 /* SnapsViewController.swift */,
				5EBAFE4D1F6453D50020BBC4 /* PictureViewController.swift */,
				5EDA946C1F659A1000B1B82F /* SelectUserViewController.swift */,
				5ECD16341F5C812500D8611A /* Main.storyboard */,
				5ECD16371F5C812500D8611A /* Assets.xcassets */,
				5ECD16391F5C812500D8611A /* LaunchScreen.storyboard */,
				5ECD163C1F5C812500D8611A /* Info.plist */,
				5E6FD61E1F63855200A9D02C /* GoogleService-Info.plist */,
			);
			path = SnapchatClone;
			sourceTree = "<group>";
		};
		80C554000D5605835DDF8940 /* Pods */ = {
			isa = PBXGroup;
			children = (
				B853E1D3C6E9D352AC9E6830 /* Pods-SnapchatClone.debug.xcconfig */,
				5FB93825B7B7EFA5EA4D6C62 /* Pods-SnapchatClone.release.xcconfig */,
			);
			name = Pods;
			sourceTree = "<group>";
		};
/* End PBXGroup section */

/* Begin PBXNativeTarget section */
		5ECD162C1F5C812500D8611A /* SnapchatClone */ = {
			isa = PBXNativeTarget;
			buildConfigurationList = 5ECD163F1F5C812500D8611A /* Build configuration list for PBXNativeTarget "SnapchatClone" */;
			buildPhases = (
				21398EFE6031D407C0086B0E /* [CP] Check Pods Manifest.lock */,
				5ECD16291F5C812500D8611A /* Sources */,
				5ECD162A1F5C812500D8611A /* Frameworks */,
				5ECD162B1F5C812500D8611A /* Resources */,
				336E1F8042E87E7980617973 /* [CP] Embed Pods Frameworks */,
				51057656E861A7FD03B5FF04 /* [CP] Copy Pods Resources */,
			);
			buildRules = (
			);
			dependencies = (
			);
			name = SnapchatClone;
			productName = SnapchatClone;
			productReference = 5ECD162D1F5C812500D8611A /* SnapchatClone.app */;
			productType = "com.apple.product-type.application";
		};
/* End PBXNativeTarget section */

/* Begin PBXProject section */
		5ECD16251F5C812500D8611A /* Project object */ = {
			isa = PBXProject;
			attributes = {
				LastSwiftUpdateCheck = 0830;
				LastUpgradeCheck = 0830;
				ORGANIZATIONNAME = Alexis;
				TargetAttributes = {
					5ECD162C1F5C812500D8611A = {
						CreatedOnToolsVersion = 8.3.3;
						DevelopmentTeam = GU9LN6F979;
						ProvisioningStyle = Automatic;
					};
				};
			};
			buildConfigurationList = 5ECD16281F5C812500D8611A /* Build configuration list for PBXProject "SnapchatClone" */;
			compatibilityVersion = "Xcode 3.2";
			developmentRegion = English;
			hasScannedForEncodings = 0;
			knownRegions = (
				en,
				Base,
			);
			mainGroup = 5ECD16241F5C812500D8611A;
			productRefGroup = 5ECD162E1F5C812500D8611A /* Products */;
			projectDirPath = "";
			projectRoot = "";
			targets = (
				5ECD162C1F5C812500D8611A /* SnapchatClone */,
			);
		};
/* End PBXProject section */

/* Begin PBXResourcesBuildPhase section */
		5ECD162B1F5C812500D8611A /* Resources */ = {
			isa = PBXResourcesBuildPhase;
			buildActionMask = 2147483647;
			files = (
				5ECD163B1F5C812500D8611A /* LaunchScreen.storyboard in Resources */,
				5ECD16381F5C812500D8611A /* Assets.xcassets in Resources */,
				5E6FD61F1F63855200A9D02C /* GoogleService-Info.plist in Resources */,
				5ECD16361F5C812500D8611A /* Main.storyboard in Resources */,
			);
			runOnlyForDeploymentPostprocessing = 0;
		};
/* End PBXResourcesBuildPhase section */

/* Begin PBXShellScriptBuildPhase section */
		21398EFE6031D407C0086B0E /* [CP] Check Pods Manifest.lock */ = {
			isa = PBXShellScriptBuildPhase;
			buildActionMask = 2147483647;
			files = (
			);
			inputPaths = (
			);
			name = "[CP] Check Pods Manifest.lock";
			outputPaths = (
			);
			runOnlyForDeploymentPostprocessing = 0;
			shellPath = /bin/sh;
			shellScript = "diff \"${PODS_PODFILE_DIR_PATH}/Podfile.lock\" \"${PODS_ROOT}/Manifest.lock\" > /dev/null\nif [ $? != 0 ] ; then\n    # print error to STDERR\n    echo \"error: The sandbox is not in sync with the Podfile.lock. Run 'pod install' or update your CocoaPods installation.\" >&2\n    exit 1\nfi\n";
			showEnvVarsInLog = 0;
		};
		336E1F8042E87E7980617973 /* [CP] Embed Pods Frameworks */ = {
			isa = PBXShellScriptBuildPhase;
			buildActionMask = 2147483647;
			files = (
			);
			inputPaths = (
			);
			name = "[CP] Embed Pods Frameworks";
			outputPaths = (
			);
			runOnlyForDeploymentPostprocessing = 0;
			shellPath = /bin/sh;
			shellScript = "\"${SRCROOT}/Pods/Target Support Files/Pods-SnapchatClone/Pods-SnapchatClone-frameworks.sh\"\n";
			showEnvVarsInLog = 0;
		};
		51057656E861A7FD03B5FF04 /* [CP] Copy Pods Resources */ = {
			isa = PBXShellScriptBuildPhase;
			buildActionMask = 2147483647;
			files = (
			);
			inputPaths = (
			);
			name = "[CP] Copy Pods Resources";
			outputPaths = (
			);
			runOnlyForDeploymentPostprocessing = 0;
			shellPath = /bin/sh;
			shellScript = "\"${SRCROOT}/Pods/Target Support Files/Pods-SnapchatClone/Pods-SnapchatClone-resources.sh\"\n";
			showEnvVarsInLog = 0;
		};
/* End PBXShellScriptBuildPhase section */

/* Begin PBXSourcesBuildPhase section */
		5ECD16291F5C812500D8611A /* Sources */ = {
			isa = PBXSourcesBuildPhase;
			buildActionMask = 2147483647;
			files = (
				5E6FD6211F638FE900A9D02C /* SignInViewController.swift in Sources */,
				5EBAFE4E1F6453D50020BBC4 /* PictureViewController.swift in Sources */,
				5EDA946D1F659A1000B1B82F /* SelectUserViewController.swift in Sources */,
				5ECD16311F5C812500D8611A /* AppDelegate.swift in Sources */,
				5EBAFE4C1F644F000020BBC4 /* SnapsViewController.swift in Sources */,
			);
			runOnlyForDeploymentPostprocessing = 0;
		};
/* End PBXSourcesBuildPhase section */

/* Begin PBXVariantGroup section */
		5ECD16341F5C812500D8611A /* Main.storyboard */ = {
			isa = PBXVariantGroup;
			children = (
				5ECD16351F5C812500D8611A /* Base */,
			);
			name = Main.storyboard;
			sourceTree = "<group>";
		};
		5ECD16391F5C812500D8611A /* LaunchScreen.storyboard */ = {
			isa = PBXVariantGroup;
			children = (
				5ECD163A1F5C812500D8611A /* Base */,
			);
			name = LaunchScreen.storyboard;
			sourceTree = "<group>";
		};
/* End PBXVariantGroup section */

/* Begin XCBuildConfiguration section */
		5ECD163D1F5C812500D8611A /* Debug */ = {
			isa = XCBuildConfiguration;
			buildSettings = {
				ALWAYS_SEARCH_USER_PATHS = NO;
				CLANG_ANALYZER_NONNULL = YES;
				CLANG_ANALYZER_NUMBER_OBJECT_CONVERSION = YES_AGGRESSIVE;
				CLANG_CXX_LANGUAGE_STANDARD = "gnu++0x";
				CLANG_CXX_LIBRARY = "libc++";
				CLANG_ENABLE_MODULES = YES;
				CLANG_ENABLE_OBJC_ARC = YES;
				CLANG_WARN_BOOL_CONVERSION = YES;
				CLANG_WARN_CONSTANT_CONVERSION = YES;
				CLANG_WARN_DIRECT_OBJC_ISA_USAGE = YES_ERROR;
				CLANG_WARN_DOCUMENTATION_COMMENTS = YES;
				CLANG_WARN_EMPTY_BODY = YES;
				CLANG_WARN_ENUM_CONVERSION = YES;
				CLANG_WARN_INFINITE_RECURSION = YES;
				CLANG_WARN_INT_CONVERSION = YES;
				CLANG_WARN_OBJC_ROOT_CLASS = YES_ERROR;
				CLANG_WARN_SUSPICIOUS_MOVE = YES;
				CLANG_WARN_UNREACHABLE_CODE = YES;
				CLANG_WARN__DUPLICATE_METHOD_MATCH = YES;
				"CODE_SIGN_IDENTITY[sdk=iphoneos*]" = "iPhone Developer";
				COPY_PHASE_STRIP = NO;
				DEBUG_INFORMATION_FORMAT = dwarf;
				ENABLE_STRICT_OBJC_MSGSEND = YES;
				ENABLE_TESTABILITY = YES;
				GCC_C_LANGUAGE_STANDARD = gnu99;
				GCC_DYNAMIC_NO_PIC = NO;
				GCC_NO_COMMON_BLOCKS = YES;
				GCC_OPTIMIZATION_LEVEL = 0;
				GCC_PREPROCESSOR_DEFINITIONS = (
					"DEBUG=1",
					"$(inherited)",
				);
				GCC_WARN_64_TO_32_BIT_CONVERSION = YES;
				GCC_WARN_ABOUT_RETURN_TYPE = YES_ERROR;
				GCC_WARN_UNDECLARED_SELECTOR = YES;
				GCC_WARN_UNINITIALIZED_AUTOS = YES_AGGRESSIVE;
				GCC_WARN_UNUSED_FUNCTION = YES;
				GCC_WARN_UNUSED_VARIABLE = YES;
				IPHONEOS_DEPLOYMENT_TARGET = 10.3;
				MTL_ENABLE_DEBUG_INFO = YES;
				ONLY_ACTIVE_ARCH = YES;
				SDKROOT = iphoneos;
				SWIFT_ACTIVE_COMPILATION_CONDITIONS = DEBUG;
				SWIFT_OPTIMIZATION_LEVEL = "-Onone";
			};
			name = Debug;
		};
		5ECD163E1F5C812500D8611A /* Release */ = {
			isa = XCBuildConfiguration;
			buildSettings = {
				ALWAYS_SEARCH_USER_PATHS = NO;
				CLANG_ANALYZER_NONNULL = YES;
				CLANG_ANALYZER_NUMBER_OBJECT_CONVERSION = YES_AGGRESSIVE;
				CLANG_CXX_LANGUAGE_STANDARD = "gnu++0x";
				CLANG_CXX_LIBRARY = "libc++";
				CLANG_ENABLE_MODULES = YES;
				CLANG_ENABLE_OBJC_ARC = YES;
				CLANG_WARN_BOOL_CONVERSION = YES;
				CLANG_WARN_CONSTANT_CONVERSION = YES;
				CLANG_WARN_DIRECT_OBJC_ISA_USAGE = YES_ERROR;
				CLANG_WARN_DOCUMENTATION_COMMENTS = YES;
				CLANG_WARN_EMPTY_BODY = YES;
				CLANG_WARN_ENUM_CONVERSION = YES;
				CLANG_WARN_INFINITE_RECURSION = YES;
				CLANG_WARN_INT_CONVERSION = YES;
				CLANG_WARN_OBJC_ROOT_CLASS = YES_ERROR;
				CLANG_WARN_SUSPICIOUS_MOVE = YES;
				CLANG_WARN_UNREACHABLE_CODE = YES;
				CLANG_WARN__DUPLICATE_METHOD_MATCH = YES;
				"CODE_SIGN_IDENTITY[sdk=iphoneos*]" = "iPhone Developer";
				COPY_PHASE_STRIP = NO;
				DEBUG_INFORMATION_FORMAT = "dwarf-with-dsym";
				ENABLE_NS_ASSERTIONS = NO;
				ENABLE_STRICT_OBJC_MSGSEND = YES;
				GCC_C_LANGUAGE_STANDARD = gnu99;
				GCC_NO_COMMON_BLOCKS = YES;
				GCC_WARN_64_TO_32_BIT_CONVERSION = YES;
				GCC_WARN_ABOUT_RETURN_TYPE = YES_ERROR;
				GCC_WARN_UNDECLARED_SELECTOR = YES;
				GCC_WARN_UNINITIALIZED_AUTOS = YES_AGGRESSIVE;
				GCC_WARN_UNUSED_FUNCTION = YES;
				GCC_WARN_UNUSED_VARIABLE = YES;
				IPHONEOS_DEPLOYMENT_TARGET = 10.3;
				MTL_ENABLE_DEBUG_INFO = NO;
				SDKROOT = iphoneos;
				SWIFT_OPTIMIZATION_LEVEL = "-Owholemodule";
				VALIDATE_PRODUCT = YES;
			};
			name = Release;
		};
		5ECD16401F5C812500D8611A /* Debug */ = {
			isa = XCBuildConfiguration;
			baseConfigurationReference = B853E1D3C6E9D352AC9E6830 /* Pods-SnapchatClone.debug.xcconfig */;
			buildSettings = {
				ASSETCATALOG_COMPILER_APPICON_NAME = AppIcon;
				DEVELOPMENT_TEAM = GU9LN6F979;
				INFOPLIST_FILE = SnapchatClone/Info.plist;
				LD_RUNPATH_SEARCH_PATHS = "$(inherited) @executable_path/Frameworks";
				PRODUCT_BUNDLE_IDENTIFIER = com.alexis.SnapchatClone;
				PRODUCT_NAME = "$(TARGET_NAME)";
				SWIFT_VERSION = 3.0;
			};
			name = Debug;
		};
		5ECD16411F5C812500D8611A /* Release */ = {
			isa = XCBuildConfiguration;
			baseConfigurationReference = 5FB93825B7B7EFA5EA4D6C62 /* Pods-SnapchatClone.release.xcconfig */;
			buildSettings = {
				ASSETCATALOG_COMPILER_APPICON_NAME = AppIcon;
				DEVELOPMENT_TEAM = GU9LN6F979;
				INFOPLIST_FILE = SnapchatClone/Info.plist;
				LD_RUNPATH_SEARCH_PATHS = "$(inherited) @executable_path/Frameworks";
				PRODUCT_BUNDLE_IDENTIFIER = com.alexis.SnapchatClone;
				PRODUCT_NAME = "$(TARGET_NAME)";
				SWIFT_VERSION = 3.0;
			};
			name = Release;
		};
/* End XCBuildConfiguration section */

/* Begin XCConfigurationList section */
		5ECD16281F5C812500D8611A /* Build configuration list for PBXProject "SnapchatClone" */ = {
			isa = XCConfigurationList;
			buildConfigurations = (
				5ECD163D1F5C812500D8611A /* Debug */,
				5ECD163E1F5C812500D8611A /* Release */,
			);
			defaultConfigurationIsVisible = 0;
			defaultConfigurationName = Release;
		};
		5ECD163F1F5C812500D8611A /* Build configuration list for PBXNativeTarget "SnapchatClone" */ = {
			isa = XCConfigurationList;
			buildConfigurations = (
				5ECD16401F5C812500D8611A /* Debug */,
				5ECD16411F5C812500D8611A /* Release */,
			);
			defaultConfigurationIsVisible = 0;
			defaultConfigurationName = Release;
		};
/* End XCConfigurationList section */
	};
	rootObject = 5ECD16251F5C812500D8611A /* Project object */;
}
